// !$*UTF8*$!
{
	archiveVersion = 1;
	classes = {
	};
	objectVersion = 50;
	objects = {

/* Begin PBXBuildFile section */
		30B039271A238923A83D13C6 /* Pods_GoogleDriveKeyboardAbstract_GoogleDriveKeyboard.framework in Frameworks */ = {isa = PBXBuildFile; fileRef = D6E27CB2D1DCC0516D44B6F7 /* Pods_GoogleDriveKeyboardAbstract_GoogleDriveKeyboard.framework */; };
		4666E6E422D7DA1F5D64F685 /* Pods_GoogleDriveKeyboard.framework in Frameworks */ = {isa = PBXBuildFile; fileRef = FAD50AA5C80407B57E7041D7 /* Pods_GoogleDriveKeyboard.framework */; };
		7777A1143790CBF677CDF7D9 /* Pods_GoogleDriveKeyboardAbstract_KeyboardViewController.framework in Frameworks */ = {isa = PBXBuildFile; fileRef = E81A35FE0499834B8149B02D /* Pods_GoogleDriveKeyboardAbstract_KeyboardViewController.framework */; };
		D4317B16214A581A00F274F2 /* KeyboardViewController.swift in Sources */ = {isa = PBXBuildFile; fileRef = D4317B15214A581A00F274F2 /* KeyboardViewController.swift */; };
		D4317B1A214A581A00F274F2 /* KeyboardViewController.appex in Embed App Extensions */ = {isa = PBXBuildFile; fileRef = D4317B13214A581A00F274F2 /* KeyboardViewController.appex */; settings = {ATTRIBUTES = (RemoveHeadersOnCopy, ); }; };
		D4317B1F214A584100F274F2 /* TestDataGenerator.swift in Sources */ = {isa = PBXBuildFile; fileRef = D4ACD6A021496CD300489C04 /* TestDataGenerator.swift */; };
		D4317B20214A584100F274F2 /* KeyboardItemCell.swift in Sources */ = {isa = PBXBuildFile; fileRef = D4ACD697214960C300489C04 /* KeyboardItemCell.swift */; };
		D4317B21214A584100F274F2 /* SearchFieldView.swift in Sources */ = {isa = PBXBuildFile; fileRef = D4ACD69A214962F700489C04 /* SearchFieldView.swift */; };
		D4317B22214A584100F274F2 /* GDKeyboardCollectionController.swift in Sources */ = {isa = PBXBuildFile; fileRef = D4ACD6A221496E7400489C04 /* GDKeyboardCollectionController.swift */; };
		D4317B23214A584100F274F2 /* GDKeyboardView.swift in Sources */ = {isa = PBXBuildFile; fileRef = D4ACD69521495F7C00489C04 /* GDKeyboardView.swift */; };
		D4317B24214A5DBB00F274F2 /* UIColor+Ext.swift in Sources */ = {isa = PBXBuildFile; fileRef = D4ACD69D214964A600489C04 /* UIColor+Ext.swift */; };
		D4317B26214A637600F274F2 /* SearchFieldKeyboard.swift in Sources */ = {isa = PBXBuildFile; fileRef = D4317B25214A637600F274F2 /* SearchFieldKeyboard.swift */; };
		D4317B28214A747900F274F2 /* ColorTheme+Ext.swift in Sources */ = {isa = PBXBuildFile; fileRef = D4317B27214A747900F274F2 /* ColorTheme+Ext.swift */; };
		D4317B29214A74A000F274F2 /* ColorTheme+Ext.swift in Sources */ = {isa = PBXBuildFile; fileRef = D4317B27214A747900F274F2 /* ColorTheme+Ext.swift */; };
		D4317B2A214A770B00F274F2 /* SearchFieldKeyboard.swift in Sources */ = {isa = PBXBuildFile; fileRef = D4317B25214A637600F274F2 /* SearchFieldKeyboard.swift */; };
		D4ACD68121495F0000489C04 /* AppDelegate.swift in Sources */ = {isa = PBXBuildFile; fileRef = D4ACD68021495F0000489C04 /* AppDelegate.swift */; };
		D4ACD68821495F0000489C04 /* Assets.xcassets in Resources */ = {isa = PBXBuildFile; fileRef = D4ACD68721495F0000489C04 /* Assets.xcassets */; };
		D4ACD68B21495F0000489C04 /* LaunchScreen.storyboard in Resources */ = {isa = PBXBuildFile; fileRef = D4ACD68921495F0000489C04 /* LaunchScreen.storyboard */; };
		D4ACD69321495F3900489C04 /* KeyboardPractiveVC.swift in Sources */ = {isa = PBXBuildFile; fileRef = D4ACD69221495F3900489C04 /* KeyboardPractiveVC.swift */; };
		D4ACD69621495F7C00489C04 /* GDKeyboardView.swift in Sources */ = {isa = PBXBuildFile; fileRef = D4ACD69521495F7C00489C04 /* GDKeyboardView.swift */; };
		D4ACD698214960C300489C04 /* KeyboardItemCell.swift in Sources */ = {isa = PBXBuildFile; fileRef = D4ACD697214960C300489C04 /* KeyboardItemCell.swift */; };
		D4ACD69B214962F700489C04 /* SearchFieldView.swift in Sources */ = {isa = PBXBuildFile; fileRef = D4ACD69A214962F700489C04 /* SearchFieldView.swift */; };
		D4ACD69E214964A600489C04 /* UIColor+Ext.swift in Sources */ = {isa = PBXBuildFile; fileRef = D4ACD69D214964A600489C04 /* UIColor+Ext.swift */; };
		D4ACD6A121496CD300489C04 /* TestDataGenerator.swift in Sources */ = {isa = PBXBuildFile; fileRef = D4ACD6A021496CD300489C04 /* TestDataGenerator.swift */; };
		D4ACD6A321496E7400489C04 /* GDKeyboardCollectionController.swift in Sources */ = {isa = PBXBuildFile; fileRef = D4ACD6A221496E7400489C04 /* GDKeyboardCollectionController.swift */; };
/* End PBXBuildFile section */

/* Begin PBXContainerItemProxy section */
		D4317B18214A581A00F274F2 /* PBXContainerItemProxy */ = {
			isa = PBXContainerItemProxy;
			containerPortal = D4ACD67521495F0000489C04 /* Project object */;
			proxyType = 1;
			remoteGlobalIDString = D4317B12214A581A00F274F2;
			remoteInfo = KeyboardViewController;
		};
/* End PBXContainerItemProxy section */

/* Begin PBXCopyFilesBuildPhase section */
		D4317B1E214A581A00F274F2 /* Embed App Extensions */ = {
			isa = PBXCopyFilesBuildPhase;
			buildActionMask = 2147483647;
			dstPath = "";
			dstSubfolderSpec = 13;
			files = (
				D4317B1A214A581A00F274F2 /* KeyboardViewController.appex in Embed App Extensions */,
			);
			name = "Embed App Extensions";
			runOnlyForDeploymentPostprocessing = 0;
		};
/* End PBXCopyFilesBuildPhase section */

/* Begin PBXFileReference section */
		01CF29044533150C283FA124 /* Pods-GoogleDriveKeyboard.debug.xcconfig */ = {isa = PBXFileReference; includeInIndex = 1; lastKnownFileType = text.xcconfig; name = "Pods-GoogleDriveKeyboard.debug.xcconfig"; path = "Pods/Target Support Files/Pods-GoogleDriveKeyboard/Pods-GoogleDriveKeyboard.debug.xcconfig"; sourceTree = "<group>"; };
		31F32EFB224C2F3BAAA88527 /* Pods-GoogleDriveKeyboardAbstract-KeyboardViewController.release.xcconfig */ = {isa = PBXFileReference; includeInIndex = 1; lastKnownFileType = text.xcconfig; name = "Pods-GoogleDriveKeyboardAbstract-KeyboardViewController.release.xcconfig"; path = "Pods/Target Support Files/Pods-GoogleDriveKeyboardAbstract-KeyboardViewController/Pods-GoogleDriveKeyboardAbstract-KeyboardViewController.release.xcconfig"; sourceTree = "<group>"; };
		52BF1581DC02585FFB62852D /* Pods-GoogleDriveKeyboardAbstract-GoogleDriveKeyboard.release.xcconfig */ = {isa = PBXFileReference; includeInIndex = 1; lastKnownFileType = text.xcconfig; name = "Pods-GoogleDriveKeyboardAbstract-GoogleDriveKeyboard.release.xcconfig"; path = "Pods/Target Support Files/Pods-GoogleDriveKeyboardAbstract-GoogleDriveKeyboard/Pods-GoogleDriveKeyboardAbstract-GoogleDriveKeyboard.release.xcconfig"; sourceTree = "<group>"; };
		549F089D2653071A4416750D /* Pods-GoogleDriveKeyboard.release.xcconfig */ = {isa = PBXFileReference; includeInIndex = 1; lastKnownFileType = text.xcconfig; name = "Pods-GoogleDriveKeyboard.release.xcconfig"; path = "Pods/Target Support Files/Pods-GoogleDriveKeyboard/Pods-GoogleDriveKeyboard.release.xcconfig"; sourceTree = "<group>"; };
		6274860E17816CECDB93EC65 /* Pods-GoogleDriveKeyboardAbstract-KeyboardViewController.debug.xcconfig */ = {isa = PBXFileReference; includeInIndex = 1; lastKnownFileType = text.xcconfig; name = "Pods-GoogleDriveKeyboardAbstract-KeyboardViewController.debug.xcconfig"; path = "Pods/Target Support Files/Pods-GoogleDriveKeyboardAbstract-KeyboardViewController/Pods-GoogleDriveKeyboardAbstract-KeyboardViewController.debug.xcconfig"; sourceTree = "<group>"; };
		A2E0EB6FD0257BE0A8B3509B /* Pods-GoogleDriveKeyboardAbstract-GoogleDriveKeyboard.debug.xcconfig */ = {isa = PBXFileReference; includeInIndex = 1; lastKnownFileType = text.xcconfig; name = "Pods-GoogleDriveKeyboardAbstract-GoogleDriveKeyboard.debug.xcconfig"; path = "Pods/Target Support Files/Pods-GoogleDriveKeyboardAbstract-GoogleDriveKeyboard/Pods-GoogleDriveKeyboardAbstract-GoogleDriveKeyboard.debug.xcconfig"; sourceTree = "<group>"; };
		D4317B13214A581A00F274F2 /* KeyboardViewController.appex */ = {isa = PBXFileReference; explicitFileType = "wrapper.app-extension"; includeInIndex = 0; path = KeyboardViewController.appex; sourceTree = BUILT_PRODUCTS_DIR; };
		D4317B15214A581A00F274F2 /* KeyboardViewController.swift */ = {isa = PBXFileReference; lastKnownFileType = sourcecode.swift; path = KeyboardViewController.swift; sourceTree = "<group>"; };
		D4317B17214A581A00F274F2 /* Info.plist */ = {isa = PBXFileReference; lastKnownFileType = text.plist.xml; path = Info.plist; sourceTree = "<group>"; };
		D4317B25214A637600F274F2 /* SearchFieldKeyboard.swift */ = {isa = PBXFileReference; lastKnownFileType = sourcecode.swift; path = SearchFieldKeyboard.swift; sourceTree = "<group>"; };
		D4317B27214A747900F274F2 /* ColorTheme+Ext.swift */ = {isa = PBXFileReference; lastKnownFileType = sourcecode.swift; path = "ColorTheme+Ext.swift"; sourceTree = "<group>"; };
		D4ACD67D21495F0000489C04 /* GoogleDriveKeyboard.app */ = {isa = PBXFileReference; explicitFileType = wrapper.application; includeInIndex = 0; path = GoogleDriveKeyboard.app; sourceTree = BUILT_PRODUCTS_DIR; };
		D4ACD68021495F0000489C04 /* AppDelegate.swift */ = {isa = PBXFileReference; lastKnownFileType = sourcecode.swift; path = AppDelegate.swift; sourceTree = "<group>"; };
		D4ACD68721495F0000489C04 /* Assets.xcassets */ = {isa = PBXFileReference; lastKnownFileType = folder.assetcatalog; path = Assets.xcassets; sourceTree = "<group>"; };
		D4ACD68A21495F0000489C04 /* Base */ = {isa = PBXFileReference; lastKnownFileType = file.storyboard; name = Base; path = Base.lproj/LaunchScreen.storyboard; sourceTree = "<group>"; };
		D4ACD68C21495F0000489C04 /* Info.plist */ = {isa = PBXFileReference; lastKnownFileType = text.plist.xml; path = Info.plist; sourceTree = "<group>"; };
		D4ACD69221495F3900489C04 /* KeyboardPractiveVC.swift */ = {isa = PBXFileReference; lastKnownFileType = sourcecode.swift; path = KeyboardPractiveVC.swift; sourceTree = "<group>"; };
		D4ACD69521495F7C00489C04 /* GDKeyboardView.swift */ = {isa = PBXFileReference; lastKnownFileType = sourcecode.swift; path = GDKeyboardView.swift; sourceTree = "<group>"; };
		D4ACD697214960C300489C04 /* KeyboardItemCell.swift */ = {isa = PBXFileReference; lastKnownFileType = sourcecode.swift; path = KeyboardItemCell.swift; sourceTree = "<group>"; };
		D4ACD69A214962F700489C04 /* SearchFieldView.swift */ = {isa = PBXFileReference; lastKnownFileType = sourcecode.swift; path = SearchFieldView.swift; sourceTree = "<group>"; };
		D4ACD69D214964A600489C04 /* UIColor+Ext.swift */ = {isa = PBXFileReference; lastKnownFileType = sourcecode.swift; path = "UIColor+Ext.swift"; sourceTree = "<group>"; };
		D4ACD6A021496CD300489C04 /* TestDataGenerator.swift */ = {isa = PBXFileReference; lastKnownFileType = sourcecode.swift; path = TestDataGenerator.swift; sourceTree = "<group>"; };
		D4ACD6A221496E7400489C04 /* GDKeyboardCollectionController.swift */ = {isa = PBXFileReference; lastKnownFileType = sourcecode.swift; path = GDKeyboardCollectionController.swift; sourceTree = "<group>"; };
		D6E27CB2D1DCC0516D44B6F7 /* Pods_GoogleDriveKeyboardAbstract_GoogleDriveKeyboard.framework */ = {isa = PBXFileReference; explicitFileType = wrapper.framework; includeInIndex = 0; path = Pods_GoogleDriveKeyboardAbstract_GoogleDriveKeyboard.framework; sourceTree = BUILT_PRODUCTS_DIR; };
		E81A35FE0499834B8149B02D /* Pods_GoogleDriveKeyboardAbstract_KeyboardViewController.framework */ = {isa = PBXFileReference; explicitFileType = wrapper.framework; includeInIndex = 0; path = Pods_GoogleDriveKeyboardAbstract_KeyboardViewController.framework; sourceTree = BUILT_PRODUCTS_DIR; };
		FAD50AA5C80407B57E7041D7 /* Pods_GoogleDriveKeyboard.framework */ = {isa = PBXFileReference; explicitFileType = wrapper.framework; includeInIndex = 0; path = Pods_GoogleDriveKeyboard.framework; sourceTree = BUILT_PRODUCTS_DIR; };
/* End PBXFileReference section */

/* Begin PBXFrameworksBuildPhase section */
		D4317B10214A581A00F274F2 /* Frameworks */ = {
			isa = PBXFrameworksBuildPhase;
			buildActionMask = 2147483647;
			files = (
				7777A1143790CBF677CDF7D9 /* Pods_GoogleDriveKeyboardAbstract_KeyboardViewController.framework in Frameworks */,
			);
			runOnlyForDeploymentPostprocessing = 0;
		};
		D4ACD67A21495F0000489C04 /* Frameworks */ = {
			isa = PBXFrameworksBuildPhase;
			buildActionMask = 2147483647;
			files = (
				4666E6E422D7DA1F5D64F685 /* Pods_GoogleDriveKeyboard.framework in Frameworks */,
				30B039271A238923A83D13C6 /* Pods_GoogleDriveKeyboardAbstract_GoogleDriveKeyboard.framework in Frameworks */,
			);
			runOnlyForDeploymentPostprocessing = 0;
		};
/* End PBXFrameworksBuildPhase section */

/* Begin PBXGroup section */
		0015A8EA25492DA723A97AC1 /* Frameworks */ = {
			isa = PBXGroup;
			children = (
				FAD50AA5C80407B57E7041D7 /* Pods_GoogleDriveKeyboard.framework */,
				D6E27CB2D1DCC0516D44B6F7 /* Pods_GoogleDriveKeyboardAbstract_GoogleDriveKeyboard.framework */,
				E81A35FE0499834B8149B02D /* Pods_GoogleDriveKeyboardAbstract_KeyboardViewController.framework */,
			);
			name = Frameworks;
			sourceTree = "<group>";
		};
		24D6B91AAF6A7DF27E0C8C15 /* Pods */ = {
			isa = PBXGroup;
			children = (
				01CF29044533150C283FA124 /* Pods-GoogleDriveKeyboard.debug.xcconfig */,
				549F089D2653071A4416750D /* Pods-GoogleDriveKeyboard.release.xcconfig */,
				A2E0EB6FD0257BE0A8B3509B /* Pods-GoogleDriveKeyboardAbstract-GoogleDriveKeyboard.debug.xcconfig */,
				52BF1581DC02585FFB62852D /* Pods-GoogleDriveKeyboardAbstract-GoogleDriveKeyboard.release.xcconfig */,
				6274860E17816CECDB93EC65 /* Pods-GoogleDriveKeyboardAbstract-KeyboardViewController.debug.xcconfig */,
				31F32EFB224C2F3BAAA88527 /* Pods-GoogleDriveKeyboardAbstract-KeyboardViewController.release.xcconfig */,
			);
			name = Pods;
			sourceTree = "<group>";
		};
		D4317B14214A581A00F274F2 /* KeyboardViewController */ = {
			isa = PBXGroup;
			children = (
				D4317B15214A581A00F274F2 /* KeyboardViewController.swift */,
				D4317B17214A581A00F274F2 /* Info.plist */,
			);
			path = KeyboardViewController;
			sourceTree = "<group>";
		};
		D4ACD67421495F0000489C04 = {
			isa = PBXGroup;
			children = (
				D4ACD67F21495F0000489C04 /* GoogleDriveKeyboard */,
				D4317B14214A581A00F274F2 /* KeyboardViewController */,
				D4ACD67E21495F0000489C04 /* Products */,
				24D6B91AAF6A7DF27E0C8C15 /* Pods */,
				0015A8EA25492DA723A97AC1 /* Frameworks */,
			);
			sourceTree = "<group>";
		};
		D4ACD67E21495F0000489C04 /* Products */ = {
			isa = PBXGroup;
			children = (
				D4ACD67D21495F0000489C04 /* GoogleDriveKeyboard.app */,
				D4317B13214A581A00F274F2 /* KeyboardViewController.appex */,
			);
			name = Products;
			sourceTree = "<group>";
		};
		D4ACD67F21495F0000489C04 /* GoogleDriveKeyboard */ = {
			isa = PBXGroup;
			children = (
				D4ACD6A42149728300489C04 /* Application */,
				D4ACD69F21496CC900489C04 /* Services */,
				D4ACD69C2149649B00489C04 /* Extensions */,
				D4ACD69421495F6600489C04 /* GDKeyboard */,
				D4ACD69221495F3900489C04 /* KeyboardPractiveVC.swift */,
			);
			path = GoogleDriveKeyboard;
			sourceTree = "<group>";
		};
		D4ACD69421495F6600489C04 /* GDKeyboard */ = {
			isa = PBXGroup;
			children = (
				D4ACD699214962DC00489C04 /* Components */,
				D4ACD69521495F7C00489C04 /* GDKeyboardView.swift */,
			);
			path = GDKeyboard;
			sourceTree = "<group>";
		};
		D4ACD699214962DC00489C04 /* Components */ = {
			isa = PBXGroup;
			children = (
				D4ACD697214960C300489C04 /* KeyboardItemCell.swift */,
				D4ACD69A214962F700489C04 /* SearchFieldView.swift */,
				D4ACD6A221496E7400489C04 /* GDKeyboardCollectionController.swift */,
				D4317B25214A637600F274F2 /* SearchFieldKeyboard.swift */,
			);
			path = Components;
			sourceTree = "<group>";
		};
		D4ACD69C2149649B00489C04 /* Extensions */ = {
			isa = PBXGroup;
			children = (
				D4ACD69D214964A600489C04 /* UIColor+Ext.swift */,
				D4317B27214A747900F274F2 /* ColorTheme+Ext.swift */,
			);
			path = Extensions;
			sourceTree = "<group>";
		};
		D4ACD69F21496CC900489C04 /* Services */ = {
			isa = PBXGroup;
			children = (
				D4ACD6A021496CD300489C04 /* TestDataGenerator.swift */,
			);
			path = Services;
			sourceTree = "<group>";
		};
		D4ACD6A42149728300489C04 /* Application */ = {
			isa = PBXGroup;
			children = (
				D4ACD68021495F0000489C04 /* AppDelegate.swift */,
				D4ACD68721495F0000489C04 /* Assets.xcassets */,
				D4ACD68921495F0000489C04 /* LaunchScreen.storyboard */,
				D4ACD68C21495F0000489C04 /* Info.plist */,
			);
			name = Application;
			sourceTree = "<group>";
		};
/* End PBXGroup section */

/* Begin PBXNativeTarget section */
		D4317B12214A581A00F274F2 /* KeyboardViewController */ = {
			isa = PBXNativeTarget;
			buildConfigurationList = D4317B1D214A581A00F274F2 /* Build configuration list for PBXNativeTarget "KeyboardViewController" */;
			buildPhases = (
				715E35B1C50C8B28B15B85EF /* [CP] Check Pods Manifest.lock */,
				D4317B0F214A581A00F274F2 /* Sources */,
				D4317B10214A581A00F274F2 /* Frameworks */,
				D4317B11214A581A00F274F2 /* Resources */,
			);
			buildRules = (
			);
			dependencies = (
			);
			name = KeyboardViewController;
			productName = KeyboardViewController;
			productReference = D4317B13214A581A00F274F2 /* KeyboardViewController.appex */;
			productType = "com.apple.product-type.app-extension";
		};
		D4ACD67C21495F0000489C04 /* GoogleDriveKeyboard */ = {
			isa = PBXNativeTarget;
			buildConfigurationList = D4ACD68F21495F0000489C04 /* Build configuration list for PBXNativeTarget "GoogleDriveKeyboard" */;
			buildPhases = (
				6BA3217EAD456BCA15EDB787 /* [CP] Check Pods Manifest.lock */,
				D4ACD67921495F0000489C04 /* Sources */,
				D4ACD67A21495F0000489C04 /* Frameworks */,
				D4ACD67B21495F0000489C04 /* Resources */,
				E8C8B7E090ECC3F41FF9053F /* [CP] Embed Pods Frameworks */,
				D4317B1E214A581A00F274F2 /* Embed App Extensions */,
			);
			buildRules = (
			);
			dependencies = (
				D4317B19214A581A00F274F2 /* PBXTargetDependency */,
			);
			name = GoogleDriveKeyboard;
			productName = GoogleDriveKeyboard;
			productReference = D4ACD67D21495F0000489C04 /* GoogleDriveKeyboard.app */;
			productType = "com.apple.product-type.application";
		};
/* End PBXNativeTarget section */

/* Begin PBXProject section */
		D4ACD67521495F0000489C04 /* Project object */ = {
			isa = PBXProject;
			attributes = {
				LastSwiftUpdateCheck = 0940;
				LastUpgradeCheck = 0940;
				ORGANIZATIONNAME = ANODA;
				TargetAttributes = {
					D4317B12214A581A00F274F2 = {
						CreatedOnToolsVersion = 9.4.1;
					};
					D4ACD67C21495F0000489C04 = {
						CreatedOnToolsVersion = 9.4.1;
					};
				};
			};
			buildConfigurationList = D4ACD67821495F0000489C04 /* Build configuration list for PBXProject "GoogleDriveKeyboard" */;
			compatibilityVersion = "Xcode 9.3";
			developmentRegion = en;
			hasScannedForEncodings = 0;
			knownRegions = (
				en,
				Base,
			);
			mainGroup = D4ACD67421495F0000489C04;
			productRefGroup = D4ACD67E21495F0000489C04 /* Products */;
			projectDirPath = "";
			projectRoot = "";
			targets = (
				D4ACD67C21495F0000489C04 /* GoogleDriveKeyboard */,
				D4317B12214A581A00F274F2 /* KeyboardViewController */,
			);
		};
/* End PBXProject section */

/* Begin PBXResourcesBuildPhase section */
		D4317B11214A581A00F274F2 /* Resources */ = {
			isa = PBXResourcesBuildPhase;
			buildActionMask = 2147483647;
			files = (
			);
			runOnlyForDeploymentPostprocessing = 0;
		};
		D4ACD67B21495F0000489C04 /* Resources */ = {
			isa = PBXResourcesBuildPhase;
			buildActionMask = 2147483647;
			files = (
				D4ACD68B21495F0000489C04 /* LaunchScreen.storyboard in Resources */,
				D4ACD68821495F0000489C04 /* Assets.xcassets in Resources */,
			);
			runOnlyForDeploymentPostprocessing = 0;
		};
/* End PBXResourcesBuildPhase section */

/* Begin PBXShellScriptBuildPhase section */
		6BA3217EAD456BCA15EDB787 /* [CP] Check Pods Manifest.lock */ = {
			isa = PBXShellScriptBuildPhase;
			buildActionMask = 2147483647;
			files = (
			);
			inputPaths = (
				"${PODS_PODFILE_DIR_PATH}/Podfile.lock",
				"${PODS_ROOT}/Manifest.lock",
			);
			name = "[CP] Check Pods Manifest.lock";
			outputPaths = (
				"$(DERIVED_FILE_DIR)/Pods-GoogleDriveKeyboardAbstract-GoogleDriveKeyboard-checkManifestLockResult.txt",
			);
			runOnlyForDeploymentPostprocessing = 0;
			shellPath = /bin/sh;
			shellScript = "diff \"${PODS_PODFILE_DIR_PATH}/Podfile.lock\" \"${PODS_ROOT}/Manifest.lock\" > /dev/null\nif [ $? != 0 ] ; then\n    # print error to STDERR\n    echo \"error: The sandbox is not in sync with the Podfile.lock. Run 'pod install' or update your CocoaPods installation.\" >&2\n    exit 1\nfi\n# This output is used by Xcode 'outputs' to avoid re-running this script phase.\necho \"SUCCESS\" > \"${SCRIPT_OUTPUT_FILE_0}\"\n";
			showEnvVarsInLog = 0;
		};
		715E35B1C50C8B28B15B85EF /* [CP] Check Pods Manifest.lock */ = {
			isa = PBXShellScriptBuildPhase;
			buildActionMask = 2147483647;
			files = (
			);
			inputPaths = (
				"${PODS_PODFILE_DIR_PATH}/Podfile.lock",
				"${PODS_ROOT}/Manifest.lock",
			);
			name = "[CP] Check Pods Manifest.lock";
			outputPaths = (
				"$(DERIVED_FILE_DIR)/Pods-GoogleDriveKeyboardAbstract-KeyboardViewController-checkManifestLockResult.txt",
			);
			runOnlyForDeploymentPostprocessing = 0;
			shellPath = /bin/sh;
			shellScript = "diff \"${PODS_PODFILE_DIR_PATH}/Podfile.lock\" \"${PODS_ROOT}/Manifest.lock\" > /dev/null\nif [ $? != 0 ] ; then\n    # print error to STDERR\n    echo \"error: The sandbox is not in sync with the Podfile.lock. Run 'pod install' or update your CocoaPods installation.\" >&2\n    exit 1\nfi\n# This output is used by Xcode 'outputs' to avoid re-running this script phase.\necho \"SUCCESS\" > \"${SCRIPT_OUTPUT_FILE_0}\"\n";
			showEnvVarsInLog = 0;
		};
		E8C8B7E090ECC3F41FF9053F /* [CP] Embed Pods Frameworks */ = {
			isa = PBXShellScriptBuildPhase;
			buildActionMask = 2147483647;
			files = (
			);
			inputPaths = (
				"${SRCROOT}/Pods/Target Support Files/Pods-GoogleDriveKeyboardAbstract-GoogleDriveKeyboard/Pods-GoogleDriveKeyboardAbstract-GoogleDriveKeyboard-frameworks.sh",
				"${BUILT_PRODUCTS_DIR}/AlisterSwift/AlisterSwift.framework",
				"${BUILT_PRODUCTS_DIR}/Kingfisher/Kingfisher.framework",
				"${PODS_ROOT}/Reveal-SDK/RevealServer-17/iOS/RevealServer.framework",
				"${BUILT_PRODUCTS_DIR}/SnapKit/SnapKit.framework",
			);
			name = "[CP] Embed Pods Frameworks";
			outputPaths = (
				"${TARGET_BUILD_DIR}/${FRAMEWORKS_FOLDER_PATH}/AlisterSwift.framework",
				"${TARGET_BUILD_DIR}/${FRAMEWORKS_FOLDER_PATH}/Kingfisher.framework",
				"${TARGET_BUILD_DIR}/${FRAMEWORKS_FOLDER_PATH}/RevealServer.framework",
				"${TARGET_BUILD_DIR}/${FRAMEWORKS_FOLDER_PATH}/SnapKit.framework",
			);
			runOnlyForDeploymentPostprocessing = 0;
			shellPath = /bin/sh;
			shellScript = "\"${SRCROOT}/Pods/Target Support Files/Pods-GoogleDriveKeyboardAbstract-GoogleDriveKeyboard/Pods-GoogleDriveKeyboardAbstract-GoogleDriveKeyboard-frameworks.sh\"\n";
			showEnvVarsInLog = 0;
		};
/* End PBXShellScriptBuildPhase section */

/* Begin PBXSourcesBuildPhase section */
		D4317B0F214A581A00F274F2 /* Sources */ = {
			isa = PBXSourcesBuildPhase;
			buildActionMask = 2147483647;
			files = (
				D4317B24214A5DBB00F274F2 /* UIColor+Ext.swift in Sources */,
				D4317B23214A584100F274F2 /* GDKeyboardView.swift in Sources */,
				D4317B16214A581A00F274F2 /* KeyboardViewController.swift in Sources */,
				D4317B20214A584100F274F2 /* KeyboardItemCell.swift in Sources */,
				D4317B1F214A584100F274F2 /* TestDataGenerator.swift in Sources */,
				D4317B29214A74A000F274F2 /* ColorTheme+Ext.swift in Sources */,
				D4317B22214A584100F274F2 /* GDKeyboardCollectionController.swift in Sources */,
				D4317B21214A584100F274F2 /* SearchFieldView.swift in Sources */,
				D4317B2A214A770B00F274F2 /* SearchFieldKeyboard.swift in Sources */,
			);
			runOnlyForDeploymentPostprocessing = 0;
		};
		D4ACD67921495F0000489C04 /* Sources */ = {
			isa = PBXSourcesBuildPhase;
			buildActionMask = 2147483647;
			files = (
				D4ACD69B214962F700489C04 /* SearchFieldView.swift in Sources */,
				D4ACD69621495F7C00489C04 /* GDKeyboardView.swift in Sources */,
				D4ACD698214960C300489C04 /* KeyboardItemCell.swift in Sources */,
				D4ACD6A321496E7400489C04 /* GDKeyboardCollectionController.swift in Sources */,
				D4ACD6A121496CD300489C04 /* TestDataGenerator.swift in Sources */,
				D4317B28214A747900F274F2 /* ColorTheme+Ext.swift in Sources */,
				D4ACD69E214964A600489C04 /* UIColor+Ext.swift in Sources */,
				D4ACD68121495F0000489C04 /* AppDelegate.swift in Sources */,
				D4ACD69321495F3900489C04 /* KeyboardPractiveVC.swift in Sources */,
				D4317B26214A637600F274F2 /* SearchFieldKeyboard.swift in Sources */,
			);
			runOnlyForDeploymentPostprocessing = 0;
		};
/* End PBXSourcesBuildPhase section */

/* Begin PBXTargetDependency section */
		D4317B19214A581A00F274F2 /* PBXTargetDependency */ = {
			isa = PBXTargetDependency;
			target = D4317B12214A581A00F274F2 /* KeyboardViewController */;
			targetProxy = D4317B18214A581A00F274F2 /* PBXContainerItemProxy */;
		};
/* End PBXTargetDependency section */

/* Begin PBXVariantGroup section */
		D4ACD68921495F0000489C04 /* LaunchScreen.storyboard */ = {
			isa = PBXVariantGroup;
			children = (
				D4ACD68A21495F0000489C04 /* Base */,
			);
			name = LaunchScreen.storyboard;
			sourceTree = "<group>";
		};
/* End PBXVariantGroup section */

/* Begin XCBuildConfiguration section */
		D4317B1B214A581A00F274F2 /* Debug */ = {
			isa = XCBuildConfiguration;
			baseConfigurationReference = 6274860E17816CECDB93EC65 /* Pods-GoogleDriveKeyboardAbstract-KeyboardViewController.debug.xcconfig */;
			buildSettings = {
				CODE_SIGN_STYLE = Automatic;
				DEVELOPMENT_TEAM = 7VYW9J77NX;
				INFOPLIST_FILE = KeyboardViewController/Info.plist;
				LD_RUNPATH_SEARCH_PATHS = (
					"$(inherited)",
					"@executable_path/Frameworks",
					"@executable_path/../../Frameworks",
				);
				PRODUCT_BUNDLE_IDENTIFIER = ANODA.GoogleDriveKeyboard.KeyboardViewController;
				PRODUCT_NAME = "$(TARGET_NAME)";
				SKIP_INSTALL = YES;
				SWIFT_VERSION = 4.0;
				TARGETED_DEVICE_FAMILY = "1,2";
			};
			name = Debug;
		};
		D4317B1C214A581A00F274F2 /* Release */ = {
			isa = XCBuildConfiguration;
			baseConfigurationReference = 31F32EFB224C2F3BAAA88527 /* Pods-GoogleDriveKeyboardAbstract-KeyboardViewController.release.xcconfig */;
			buildSettings = {
				CODE_SIGN_STYLE = Automatic;
				DEVELOPMENT_TEAM = 7VYW9J77NX;
				INFOPLIST_FILE = KeyboardViewController/Info.plist;
				LD_RUNPATH_SEARCH_PATHS = (
					"$(inherited)",
					"@executable_path/Frameworks",
					"@executable_path/../../Frameworks",
				);
				PRODUCT_BUNDLE_IDENTIFIER = ANODA.GoogleDriveKeyboard.KeyboardViewController;
				PRODUCT_NAME = "$(TARGET_NAME)";
				SKIP_INSTALL = YES;
				SWIFT_VERSION = 4.0;
				TARGETED_DEVICE_FAMILY = "1,2";
			};
			name = Release;
		};
		D4ACD68D21495F0000489C04 /* Debug */ = {
			isa = XCBuildConfiguration;
			buildSettings = {
				ALWAYS_SEARCH_USER_PATHS = NO;
				CLANG_ANALYZER_NONNULL = YES;
				CLANG_ANALYZER_NUMBER_OBJECT_CONVERSION = YES_AGGRESSIVE;
				CLANG_CXX_LANGUAGE_STANDARD = "gnu++14";
				CLANG_CXX_LIBRARY = "libc++";
				CLANG_ENABLE_MODULES = YES;
				CLANG_ENABLE_OBJC_ARC = YES;
				CLANG_ENABLE_OBJC_WEAK = YES;
				CLANG_WARN_BLOCK_CAPTURE_AUTORELEASING = YES;
				CLANG_WARN_BOOL_CONVERSION = YES;
				CLANG_WARN_COMMA = YES;
				CLANG_WARN_CONSTANT_CONVERSION = YES;
				CLANG_WARN_DEPRECATED_OBJC_IMPLEMENTATIONS = YES;
				CLANG_WARN_DIRECT_OBJC_ISA_USAGE = YES_ERROR;
				CLANG_WARN_DOCUMENTATION_COMMENTS = YES;
				CLANG_WARN_EMPTY_BODY = YES;
				CLANG_WARN_ENUM_CONVERSION = YES;
				CLANG_WARN_INFINITE_RECURSION = YES;
				CLANG_WARN_INT_CONVERSION = YES;
				CLANG_WARN_NON_LITERAL_NULL_CONVERSION = YES;
				CLANG_WARN_OBJC_IMPLICIT_RETAIN_SELF = YES;
				CLANG_WARN_OBJC_LITERAL_CONVERSION = YES;
				CLANG_WARN_OBJC_ROOT_CLASS = YES_ERROR;
				CLANG_WARN_RANGE_LOOP_ANALYSIS = YES;
				CLANG_WARN_STRICT_PROTOTYPES = YES;
				CLANG_WARN_SUSPICIOUS_MOVE = YES;
				CLANG_WARN_UNGUARDED_AVAILABILITY = YES_AGGRESSIVE;
				CLANG_WARN_UNREACHABLE_CODE = YES;
				CLANG_WARN__DUPLICATE_METHOD_MATCH = YES;
				CODE_SIGN_IDENTITY = "iPhone Developer";
				COPY_PHASE_STRIP = NO;
				DEBUG_INFORMATION_FORMAT = dwarf;
				ENABLE_STRICT_OBJC_MSGSEND = YES;
				ENABLE_TESTABILITY = YES;
				GCC_C_LANGUAGE_STANDARD = gnu11;
				GCC_DYNAMIC_NO_PIC = NO;
				GCC_NO_COMMON_BLOCKS = YES;
				GCC_OPTIMIZATION_LEVEL = 0;
				GCC_PREPROCESSOR_DEFINITIONS = (
					"DEBUG=1",
					"$(inherited)",
				);
				GCC_WARN_64_TO_32_BIT_CONVERSION = YES;
				GCC_WARN_ABOUT_RETURN_TYPE = YES_ERROR;
				GCC_WARN_UNDECLARED_SELECTOR = YES;
				GCC_WARN_UNINITIALIZED_AUTOS = YES_AGGRESSIVE;
				GCC_WARN_UNUSED_FUNCTION = YES;
				GCC_WARN_UNUSED_VARIABLE = YES;
				IPHONEOS_DEPLOYMENT_TARGET = 11.4;
				MTL_ENABLE_DEBUG_INFO = YES;
				ONLY_ACTIVE_ARCH = YES;
				SDKROOT = iphoneos;
				SWIFT_ACTIVE_COMPILATION_CONDITIONS = DEBUG;
				SWIFT_OPTIMIZATION_LEVEL = "-Onone";
			};
			name = Debug;
		};
		D4ACD68E21495F0000489C04 /* Release */ = {
			isa = XCBuildConfiguration;
			buildSettings = {
				ALWAYS_SEARCH_USER_PATHS = NO;
				CLANG_ANALYZER_NONNULL = YES;
				CLANG_ANALYZER_NUMBER_OBJECT_CONVERSION = YES_AGGRESSIVE;
				CLANG_CXX_LANGUAGE_STANDARD = "gnu++14";
				CLANG_CXX_LIBRARY = "libc++";
				CLANG_ENABLE_MODULES = YES;
				CLANG_ENABLE_OBJC_ARC = YES;
				CLANG_ENABLE_OBJC_WEAK = YES;
				CLANG_WARN_BLOCK_CAPTURE_AUTORELEASING = YES;
				CLANG_WARN_BOOL_CONVERSION = YES;
				CLANG_WARN_COMMA = YES;
				CLANG_WARN_CONSTANT_CONVERSION = YES;
				CLANG_WARN_DEPRECATED_OBJC_IMPLEMENTATIONS = YES;
				CLANG_WARN_DIRECT_OBJC_ISA_USAGE = YES_ERROR;
				CLANG_WARN_DOCUMENTATION_COMMENTS = YES;
				CLANG_WARN_EMPTY_BODY = YES;
				CLANG_WARN_ENUM_CONVERSION = YES;
				CLANG_WARN_INFINITE_RECURSION = YES;
				CLANG_WARN_INT_CONVERSION = YES;
				CLANG_WARN_NON_LITERAL_NULL_CONVERSION = YES;
				CLANG_WARN_OBJC_IMPLICIT_RETAIN_SELF = YES;
				CLANG_WARN_OBJC_LITERAL_CONVERSION = YES;
				CLANG_WARN_OBJC_ROOT_CLASS = YES_ERROR;
				CLANG_WARN_RANGE_LOOP_ANALYSIS = YES;
				CLANG_WARN_STRICT_PROTOTYPES = YES;
				CLANG_WARN_SUSPICIOUS_MOVE = YES;
				CLANG_WARN_UNGUARDED_AVAILABILITY = YES_AGGRESSIVE;
				CLANG_WARN_UNREACHABLE_CODE = YES;
				CLANG_WARN__DUPLICATE_METHOD_MATCH = YES;
				CODE_SIGN_IDENTITY = "iPhone Developer";
				COPY_PHASE_STRIP = NO;
				DEBUG_INFORMATION_FORMAT = "dwarf-with-dsym";
				ENABLE_NS_ASSERTIONS = NO;
				ENABLE_STRICT_OBJC_MSGSEND = YES;
				GCC_C_LANGUAGE_STANDARD = gnu11;
				GCC_NO_COMMON_BLOCKS = YES;
				GCC_WARN_64_TO_32_BIT_CONVERSION = YES;
				GCC_WARN_ABOUT_RETURN_TYPE = YES_ERROR;
				GCC_WARN_UNDECLARED_SELECTOR = YES;
				GCC_WARN_UNINITIALIZED_AUTOS = YES_AGGRESSIVE;
				GCC_WARN_UNUSED_FUNCTION = YES;
				GCC_WARN_UNUSED_VARIABLE = YES;
				IPHONEOS_DEPLOYMENT_TARGET = 11.4;
				MTL_ENABLE_DEBUG_INFO = NO;
				SDKROOT = iphoneos;
				SWIFT_COMPILATION_MODE = wholemodule;
				SWIFT_OPTIMIZATION_LEVEL = "-O";
				VALIDATE_PRODUCT = YES;
			};
			name = Release;
		};
		D4ACD69021495F0000489C04 /* Debug */ = {
			isa = XCBuildConfiguration;
			baseConfigurationReference = A2E0EB6FD0257BE0A8B3509B /* Pods-GoogleDriveKeyboardAbstract-GoogleDriveKeyboard.debug.xcconfig */;
			buildSettings = {
				ALWAYS_EMBED_SWIFT_STANDARD_LIBRARIES = YES;
				ASSETCATALOG_COMPILER_APPICON_NAME = AppIcon;
				CODE_SIGN_STYLE = Automatic;
				DEVELOPMENT_TEAM = 7VYW9J77NX;
				INFOPLIST_FILE = GoogleDriveKeyboard/Info.plist;
				LD_RUNPATH_SEARCH_PATHS = (
					"$(inherited)",
					"@executable_path/Frameworks",
				);
				PRODUCT_BUNDLE_IDENTIFIER = ANODA.GoogleDriveKeyboard;
				PRODUCT_NAME = "$(TARGET_NAME)";
				SWIFT_VERSION = 4.0;
				TARGETED_DEVICE_FAMILY = "1,2";
			};
			name = Debug;
		};
		D4ACD69121495F0000489C04 /* Release */ = {
			isa = XCBuildConfiguration;
			baseConfigurationReference = 52BF1581DC02585FFB62852D /* Pods-GoogleDriveKeyboardAbstract-GoogleDriveKeyboard.release.xcconfig */;
			buildSettings = {
				ALWAYS_EMBED_SWIFT_STANDARD_LIBRARIES = YES;
				ASSETCATALOG_COMPILER_APPICON_NAME = AppIcon;
				CODE_SIGN_STYLE = Automatic;
				DEVELOPMENT_TEAM = 7VYW9J77NX;
				INFOPLIST_FILE = GoogleDriveKeyboard/Info.plist;
				LD_RUNPATH_SEARCH_PATHS = (
					"$(inherited)",
					"@executable_path/Frameworks",
				);
				PRODUCT_BUNDLE_IDENTIFIER = ANODA.GoogleDriveKeyboard;
				PRODUCT_NAME = "$(TARGET_NAME)";
				SWIFT_VERSION = 4.0;
				TARGETED_DEVICE_FAMILY = "1,2";
			};
			name = Release;
		};
/* End XCBuildConfiguration section */

/* Begin XCConfigurationList section */
		D4317B1D214A581A00F274F2 /* Build configuration list for PBXNativeTarget "KeyboardViewController" */ = {
			isa = XCConfigurationList;
			buildConfigurations = (
				D4317B1B214A581A00F274F2 /* Debug */,
				D4317B1C214A581A00F274F2 /* Release */,
			);
			defaultConfigurationIsVisible = 0;
			defaultConfigurationName = Release;
		};
		D4ACD67821495F0000489C04 /* Build configuration list for PBXProject "GoogleDriveKeyboard" */ = {
			isa = XCConfigurationList;
			buildConfigurations = (
				D4ACD68D21495F0000489C04 /* Debug */,
				D4ACD68E21495F0000489C04 /* Release */,
			);
			defaultConfigurationIsVisible = 0;
			defaultConfigurationName = Release;
		};
		D4ACD68F21495F0000489C04 /* Build configuration list for PBXNativeTarget "GoogleDriveKeyboard" */ = {
			isa = XCConfigurationList;
			buildConfigurations = (
				D4ACD69021495F0000489C04 /* Debug */,
				D4ACD69121495F0000489C04 /* Release */,
			);
			defaultConfigurationIsVisible = 0;
			defaultConfigurationName = Release;
		};
/* End XCConfigurationList section */
	};
	rootObject = D4ACD67521495F0000489C04 /* Project object */;
}
